
Microsoft Visual Studio Solution File, Format Version 12.00
# Visual Studio 15
VisualStudioVersion = 15.0.28307.779
MinimumVisualStudioVersion = 10.0.40219.1
Project("{FAE04EC0-301F-11D3-BF4B-00C04F79EFBC}") = "RomanNumeralsTDD", "RomanNumeralsTDD\RomanNumeralsTDD.csproj", "{E496497A-D6D7-42EB-886C-FAA3DE8EC339}"
EndProject
Project("{FAE04EC0-301F-11D3-BF4B-00C04F79EFBC}") = "RomanNumeralTests", "RomanNumeralTests\RomanNumeralTests.csproj", "{2A92A254-F54E-4B9E-BA3D-C6F558FE3E09}"
EndProject
Global
	GlobalSection(SolutionConfigurationPlatforms) = preSolution
		Debug|Any CPU = Debug|Any CPU
		Release|Any CPU = Release|Any CPU
	EndGlobalSection
	GlobalSection(ProjectConfigurationPlatforms) = postSolution
		{E496497A-D6D7-42EB-886C-FAA3DE8EC339}.Debug|Any CPU.ActiveCfg = Debug|Any CPU
		{E496497A-D6D7-42EB-886C-FAA3DE8EC339}.Debug|Any CPU.Build.0 = Debug|Any CPU
		{E496497A-D6D7-42EB-886C-FAA3DE8EC339}.Release|Any CPU.ActiveCfg = Release|Any CPU
		{E496497A-D6D7-42EB-886C-FAA3DE8EC339}.Release|Any CPU.Build.0 = Release|Any CPU
		{2A92A254-F54E-4B9E-BA3D-C6F558FE3E09}.Debug|Any CPU.ActiveCfg = Debug|Any CPU
		{2A92A254-F54E-4B9E-BA3D-C6F558FE3E09}.Debug|Any CPU.Build.0 = Debug|Any CPU
		{2A92A254-F54E-4B9E-BA3D-C6F558FE3E09}.Release|Any CPU.ActiveCfg = Release|Any CPU
		{2A92A254-F54E-4B9E-BA3D-C6F558FE3E09}.Release|Any CPU.Build.0 = Release|Any CPU
	EndGlobalSection
	GlobalSection(SolutionProperties) = preSolution
		HideSolutionNode = FALSE
	EndGlobalSection
	GlobalSection(ExtensibilityGlobals) = postSolution
		SolutionGuid = {BD241EB3-1B4D-4E6D-A426-1C7BF2F2B47D}
	EndGlobalSection
EndGlobal
